
Microsoft Visual Studio Solution File, Format Version 12.00
# Visual Studio Version 17
VisualStudioVersion = 17.3.32929.385
MinimumVisualStudioVersion = 10.0.40219.1
Project("{FAE04EC0-301F-11D3-BF4B-00C04F79EFBC}") = "WebApplication1", "WebApplication1\WebApplication1.csproj", "{107D442B-2BE7-4194-A74F-3B43B71E6177}"
EndProject
Global
	GlobalSection(SolutionConfigurationPlatforms) = preSolution
		Debug|Any CPU = Debug|Any CPU
		Release|Any CPU = Release|Any CPU
	EndGlobalSection
	GlobalSection(ProjectConfigurationPlatforms) = postSolution
		{107D442B-2BE7-4194-A74F-3B43B71E6177}.Debug|Any CPU.ActiveCfg = Debug|Any CPU
		{107D442B-2BE7-4194-A74F-3B43B71E6177}.Debug|Any CPU.Build.0 = Debug|Any CPU
		{107D442B-2BE7-4194-A74F-3B43B71E6177}.Release|Any CPU.ActiveCfg = Release|Any CPU
		{107D442B-2BE7-4194-A74F-3B43B71E6177}.Release|Any CPU.Build.0 = Release|Any CPU
	EndGlobalSection
	GlobalSection(SolutionProperties) = preSolution
		HideSolutionNode = FALSE
	EndGlobalSection
	GlobalSection(ExtensibilityGlobals) = postSolution
		SolutionGuid = {A36FBB8F-26E4-4E67-BB8E-7FBDCB9D470D}
	EndGlobalSection
EndGlobal
